hash: c5ae3ceade01040a17c12446b28d952bd4eeb1e7eb8c06c60c946fd95cfa331d
updated: 2016-10-19T17:43:59.218901143-04:00
imports:
- name: github.com/golang/protobuf
  version: 98fa357170587e470c5f27d3c3ea0947b71eb455
  subpackages:
  - proto
- name: github.com/gorilla/websocket
  version: 1f512fc3f05332ba7117626cdfb4e07474e58e60
- name: github.com/marcuswestin/go-errs
  version: 3dc902940ead2b759093e963725e30c37e286244
- name: github.com/marcuswestin/go-ws
  version: cc67b44c043b9d5676c643af73995c71d9ccf8ff
testImports: []
